<?xml version="1.0" encoding="utf-8"?>
<Project ToolsVersion="4.0" xmlns="http://schemas.microsoft.com/developer/msbuild/2003">
  <ItemGroup>
    <Filter Include="Source Files">
      <UniqueIdentifier>{4FC737F1-C7A5-4376-A066-2A32D752A2FF}</UniqueIdentifier>
      <Extensions>cpp;c;cc;cxx;def;odl;idl;hpj;bat;asm;asmx</Extensions>
    </Filter>
    <Filter Include="Header Files">
      <UniqueIdentifier>{93995380-89BD-4b04-88EB-625FBE52EBFB}</UniqueIdentifier>
      <Extensions>h;hh;hpp;hxx;hm;inl;inc;xsd</Extensions>
    </Filter>
    <Filter Include="Resource Files">
      <UniqueIdentifier>{D9D6E242-F8AF-46E4-B9FD-80ECBC20BA3E}</UniqueIdentifier>
      <Extensions>qrc;*</Extensions>
      <ParseFiles>false</ParseFiles>
    </Filter>
    <Filter Include="Form Files">
      <UniqueIdentifier>{99349809-55BA-4b9d-BF79-8FDBB0286EB3}</UniqueIdentifier>
      <Extensions>ui</Extensions>
    </Filter>
    <Filter Include="Resource Files">
      <UniqueIdentifier>{D9D6E242-F8AF-46E4-B9FD-80ECBC20BA3E}</UniqueIdentifier>
      <Extensions>qrc;*</Extensions>
      <ParseFiles>false</ParseFiles>
    </Filter>
    <Filter Include="Source Files\GUI">
      <UniqueIdentifier>{4e5d6b75-d379-4a28-a700-cfbc2b257088}</UniqueIdentifier>
    </Filter>
    <Filter Include="Header Files\GUI">
      <UniqueIdentifier>{6f825696-c7ab-427d-ab76-73ab1050e367}</UniqueIdentifier>
    </Filter>
    <Filter Include="Source Files\Library">
      <UniqueIdentifier>{87a54248-5865-4854-bae2-81a5a9a1238d}</UniqueIdentifier>
    </Filter>
    <Filter Include="Header Files\Library">
      <UniqueIdentifier>{c3abf877-582a-42c6-9588-2e2e83239012}</UniqueIdentifier>
    </Filter>
  </ItemGroup>
  <ItemGroup>
    <QtUic Include="ui\SaleWindow.ui">
      <Filter>Form Files</Filter>
    </QtUic>
    <QtUic Include="ui\MainWindow.ui">
      <Filter>Form Files</Filter>
    </QtUic>
    <QtUic Include="ui\ReportWindow.ui">
      <Filter>Form Files</Filter>
    </QtUic>
    <QtUic Include="ui\ManageWindow.ui">
      <Filter>Form Files</Filter>
    </QtUic>
    <QtUic Include="ui\AboutWindow.ui">
      <Filter>Form Files</Filter>
    </QtUic>
    <QtUic Include="ui\BookInfoWindow.ui">
      <Filter>Form Files</Filter>
    </QtUic>
  </ItemGroup>
  <ItemGroup>
    <QtMoc Include="GUIh\AboutWindow.h">
      <Filter>Header Files\GUI</Filter>
    </QtMoc>
    <QtMoc Include="GUIh\BookInfoWindow.h">
      <Filter>Header Files\GUI</Filter>
    </QtMoc>
    <QtMoc Include="GUIh\MainWindow.h">
      <Filter>Header Files\GUI</Filter>
    </QtMoc>
    <QtMoc Include="GUih\ManageWindow.h">
      <Filter>Header Files\GUI</Filter>
    </QtMoc>
    <QtMoc Include="GUIh\ReportWindow.h">
      <Filter>Header Files\GUI</Filter>
    </QtMoc>
    <QtMoc Include="GUih\SaleWindow.h">
      <Filter>Header Files\GUI</Filter>
    </QtMoc>
  </ItemGroup>
  <ItemGroup>
    <ClCompile Include="cpp\main.cpp">
      <Filter>Source Files</Filter>
    </ClCompile>
    <ClCompile Include="cpp\global.cpp">
      <Filter>Source Files</Filter>
    </ClCompile>
    <ClCompile Include="GUIcpp\AboutWindow.cpp">
      <Filter>Source Files\GUI</Filter>
    </ClCompile>
    <ClCompile Include="GUIcpp\BookInfoWindow.cpp">
      <Filter>Source Files\GUI</Filter>
    </ClCompile>
    <ClCompile Include="GUIcpp\MainWindow.cpp">
      <Filter>Source Files\GUI</Filter>
    </ClCompile>
    <ClCompile Include="GUIcpp\ManageWindow.cpp">
      <Filter>Source Files\GUI</Filter>
    </ClCompile>
    <ClCompile Include="GUIcpp\ReportWindow.cpp">
      <Filter>Source Files\GUI</Filter>
    </ClCompile>
    <ClCompile Include="GUIcpp\SaleWindow.cpp">
      <Filter>Source Files\GUI</Filter>
    </ClCompile>
    <ClCompile Include="cpp\BookData.cpp">
      <Filter>Source Files\Library</Filter>
    </ClCompile>
    <ClCompile Include="cpp\Management.cpp">
      <Filter>Source Files\Library</Filter>
    </ClCompile>
    <ClCompile Include="cpp\TitleInfo.cpp">
      <Filter>Source Files\Library</Filter>
    </ClCompile>
    <ClCompile Include="cpp\Sale.cpp">
      <Filter>Source Files\Library</Filter>
    </ClCompile>
  </ItemGroup>
  <ItemGroup>
    <ClInclude Include="h\global.h">
      <Filter>Header Files</Filter>
    </ClInclude>
    <ClInclude Include="h\library.h">
      <Filter>Header Files\Library</Filter>
    </ClInclude>
  </ItemGroup>
  <ItemGroup>
    <QtRcc Include="qrc\About.qrc">
      <Filter>Resource Files</Filter>
    </QtRcc>
    <QtRcc Include="qrc\MainWindow.qrc">
      <Filter>Resource Files</Filter>
    </QtRcc>
  </ItemGroup>
  <ItemGroup>
    <None Include="README.md">
      <Filter>Resource Files</Filter>
    </None>
  </ItemGroup>
</Project>